{
  "requires": true,
  "lockfileVersion": 1,
  "dependencies": {
    "@icon-park/vue": {
      "version": "1.3.3",
      "resolved": "https://registry.npmjs.org/@icon-park/vue/-/vue-1.3.3.tgz",
      "integrity": "sha512-tDudGNxNRK2D3AyR2g0wedrgJ0jSCbtVV/uNXq4WIq40B+X1KLi0WVeu4wlzaYyLTyhxTBf3cwv/TgrzqV+6rw==",
      "requires": {
        "@vue/babel-helper-vue-jsx-merge-props": "^1.0.0",
        "csstype": "^3.0.3"
      }
    },
    "@vue/babel-helper-vue-jsx-merge-props": {
      "version": "1.2.1",
      "resolved": "https://registry.npmjs.org/@vue/babel-helper-vue-jsx-merge-props/-/babel-helper-vue-jsx-merge-props-1.2.1.tgz",
      "integrity": "sha512-QOi5OW45e2R20VygMSNhyQHvpdUwQZqGPc748JLGCYEy+yp8fNFNdbNIGAgZmi9e+2JHPd6i6idRuqivyicIkA=="
    },
    "csstype": {
      "version": "3.0.8",
      "resolved": "https://registry.npmjs.org/csstype/-/csstype-3.0.8.tgz",
      "integrity": "sha512-jXKhWqXPmlUeoQnF/EhTtTl4C9SnrxSH/jZUih3jmO6lBKr99rP3/+FmrMj4EFpOXzMtXHAZkd3x0E6h6Fgflw=="
    }
  }
}
